# This is a Gradle generated file for dependency locking.
# Manual edits can break the build and are not advised.
# This file is expected to be part of source control.
com.badlogicgames.gdx-controllers:gdx-controllers-core:2.2.4=compileClasspath,runtimeClasspath,testCompileClasspath,testRuntimeClasspath
com.badlogicgames.gdx:gdx-ai:1.8.2=compileClasspath,runtimeClasspath,testCompileClasspath,testRuntimeClasspath
com.badlogicgames.gdx:gdx-box2d:1.14.2=compileClasspath,runtimeClasspath,testCompileClasspath,testRuntimeClasspath
com.badlogicgames.gdx:gdx-freetype:1.14.2=compileClasspath,runtimeClasspath,testCompileClasspath,testRuntimeClasspath
com.badlogicgames.gdx:gdx-jnigen-loader:2.5.2=compileClasspath,runtimeClasspath,testCompileClasspath,testRuntimeClasspath
com.badlogicgames.gdx:gdx:1.14.2=compileClasspath,runtimeClasspath,testCompileClasspath,testRuntimeClasspath
com.bladecoder.ink:blade-ink:1.3.2=compileClasspath,runtimeClasspath,testCompileClasspath,testRuntimeClasspath
com.esotericsoftware.spine:spine-libgdx:4.3.5=compileClasspath,runtimeClasspath,testCompileClasspath,testRuntimeClasspath
com.fasterxml.jackson.core:jackson-annotations:2.22=compileClasspath,runtimeClasspath,testCompileClasspath,testRuntimeClasspath
com.fasterxml.jackson.core:jackson-core:2.22.2=compileClasspath,runtimeClasspath,testCompileClasspath,testRuntimeClasspath
com.fasterxml.jackson.core:jackson-databind:2.22.2=compileClasspath,runtimeClasspath,testCompileClasspath,testRuntimeClasspath
com.fasterxml.jackson:jackson-bom:2.22.2=compileClasspath,runtimeClasspath,testCompileClasspath,testRuntimeClasspath
com.github.libgdx:box2dlights:box2dlights-1.5=compileClasspath,runtimeClasspath,testCompileClasspath,testRuntimeClasspath
com.github.tommyettinger:anim8-gdx:0.7.0=compileClasspath,runtimeClasspath,testCompileClasspath,testRuntimeClasspath
com.github.tommyettinger:crux:0.1.3=compileClasspath,runtimeClasspath,testCompileClasspath,testRuntimeClasspath
com.github.tommyettinger:digital:0.10.3=compileClasspath,runtimeClasspath,testCompileClasspath,testRuntimeClasspath
com.github.tommyettinger:funderby:0.1.2=compileClasspath,runtimeClasspath,testCompileClasspath,testRuntimeClasspath
com.github.tommyettinger:gand:0.3.7=compileClasspath,runtimeClasspath,testCompileClasspath,testRuntimeClasspath
com.github.tommyettinger:gdcrux:0.1.2=compileClasspath,runtimeClasspath,testCompileClasspath,testRuntimeClasspath
com.github.tommyettinger:jdkgdxds:2.1.9=compileClasspath,runtimeClasspath,testCompileClasspath,testRuntimeClasspath
com.github.tommyettinger:jdkgdxds_interop:2.1.9.0=compileClasspath,runtimeClasspath,testCompileClasspath,testRuntimeClasspath
com.github.tommyettinger:juniper:0.10.6=compileClasspath,runtimeClasspath,testCompileClasspath,testRuntimeClasspath
com.github.tommyettinger:libgdx-utils:0.13.7=compileClasspath,runtimeClasspath,testCompileClasspath,testRuntimeClasspath
com.github.tommyettinger:regexodus:0.1.21=compileClasspath,runtimeClasspath,testCompileClasspath,testRuntimeClasspath
com.github.tommyettinger:sjInGameConsole:7bfba295f9=compileClasspath,runtimeClasspath,testCompileClasspath,testRuntimeClasspath
com.github.tommyettinger:typing-label:1.0.6=compileClasspath,runtimeClasspath,testCompileClasspath,testRuntimeClasspath
com.github.yellowstonegames.squidsquad:squidcore:4.0.12=compileClasspath,runtimeClasspath,testCompileClasspath,testRuntimeClasspath
com.github.yellowstonegames.squidsquad:squidgrid:4.0.12=compileClasspath,runtimeClasspath,testCompileClasspath,testRuntimeClasspath
com.github.yellowstonegames.squidsquad:squidpath:4.0.12=compileClasspath,runtimeClasspath,testCompileClasspath,testRuntimeClasspath
com.github.yellowstonegames.squidsquad:squidplace:4.0.12=compileClasspath,runtimeClasspath,testCompileClasspath,testRuntimeClasspath
com.github.yellowstonegames.squidsquad:squidpress:4.0.12=compileClasspath,runtimeClasspath,testCompileClasspath,testRuntimeClasspath
com.github.yellowstonegames.squidsquad:squidseek:4.0.12=compileClasspath,runtimeClasspath,testCompileClasspath,testRuntimeClasspath
com.github.yellowstonegames.squidsquad:squidsmooth:4.0.12=compileClasspath,runtimeClasspath,testCompileClasspath,testRuntimeClasspath
com.github.yellowstonegames.squidsquad:squidstorecore:4.0.12=compileClasspath,runtimeClasspath,testCompileClasspath,testRuntimeClasspath
com.github.yellowstonegames.squidsquad:squidstoregrid:4.0.12=compileClasspath,runtimeClasspath,testCompileClasspath,testRuntimeClasspath
com.github.yellowstonegames.squidsquad:squidstorepath:4.0.12=compileClasspath,runtimeClasspath,testCompileClasspath,testRuntimeClasspath
com.github.yellowstonegames.squidsquad:squidstoretext:4.0.12=compileClasspath,runtimeClasspath,testCompileClasspath,testRuntimeClasspath
com.github.yellowstonegames.squidsquad:squidtext:4.0.12=compileClasspath,runtimeClasspath,testCompileClasspath,testRuntimeClasspath
com.github.yellowstonegames.squidsquad:squidwrathcore:4.0.12=compileClasspath,runtimeClasspath,testCompileClasspath,testRuntimeClasspath
com.github.yellowstonegames.squidsquad:squidwrathgrid:4.0.12=compileClasspath,runtimeClasspath,testCompileClasspath,testRuntimeClasspath
com.github.yellowstonegames.squidsquad:squidwrathpath:4.0.12=compileClasspath,runtimeClasspath,testCompileClasspath,testRuntimeClasspath
com.kotcrab.vis:vis-ui:1.5.9=compileClasspath,runtimeClasspath,testCompileClasspath,testRuntimeClasspath
com.squidpony:squidlib-extra:3.0.6=compileClasspath,runtimeClasspath,testCompileClasspath,testRuntimeClasspath
com.squidpony:squidlib-util:3.0.6=compileClasspath,runtimeClasspath,testCompileClasspath,testRuntimeClasspath
com.squidpony:squidlib:3.0.6=compileClasspath,runtimeClasspath,testCompileClasspath,testRuntimeClasspath
io.github.quillraven.libktx:ktx-actors:1.14.2-rc1=compileClasspath,runtimeClasspath,testCompileClasspath,testRuntimeClasspath
io.github.quillraven.libktx:ktx-ai:1.14.2-rc1=compileClasspath,runtimeClasspath,testCompileClasspath,testRuntimeClasspath
io.github.quillraven.libktx:ktx-app:1.14.2-rc1=compileClasspath,runtimeClasspath,testCompileClasspath,testRuntimeClasspath
io.github.quillraven.libktx:ktx-artemis:1.14.2-rc1=compileClasspath,runtimeClasspath,testCompileClasspath,testRuntimeClasspath
io.github.quillraven.libktx:ktx-assets-async:1.14.2-rc1=compileClasspath,runtimeClasspath,testCompileClasspath,testRuntimeClasspath
io.github.quillraven.libktx:ktx-assets:1.14.2-rc1=compileClasspath,runtimeClasspath,testCompileClasspath,testRuntimeClasspath
io.github.quillraven.libktx:ktx-async:1.14.2-rc1=compileClasspath,runtimeClasspath,testCompileClasspath,testRuntimeClasspath
io.github.quillraven.libktx:ktx-box2d:1.14.2-rc1=compileClasspath,runtimeClasspath,testCompileClasspath,testRuntimeClasspath
io.github.quillraven.libktx:ktx-collections:1.14.2-rc1=compileClasspath,runtimeClasspath,testCompileClasspath,testRuntimeClasspath
io.github.quillraven.libktx:ktx-freetype-async:1.14.2-rc1=compileClasspath,runtimeClasspath,testCompileClasspath,testRuntimeClasspath
io.github.quillraven.libktx:ktx-freetype:1.14.2-rc1=compileClasspath,runtimeClasspath,testCompileClasspath,testRuntimeClasspath
io.github.quillraven.libktx:ktx-graphics:1.14.2-rc1=compileClasspath,runtimeClasspath,testCompileClasspath,testRuntimeClasspath
io.github.quillraven.libktx:ktx-i18n:1.14.2-rc1=compileClasspath,runtimeClasspath,testCompileClasspath,testRuntimeClasspath
io.github.quillraven.libktx:ktx-inject:1.14.2-rc1=compileClasspath,runtimeClasspath,testCompileClasspath,testRuntimeClasspath
io.github.quillraven.libktx:ktx-json:1.14.2-rc1=compileClasspath,runtimeClasspath,testCompileClasspath,testRuntimeClasspath
io.github.quillraven.libktx:ktx-log:1.14.2-rc1=compileClasspath,runtimeClasspath,testCompileClasspath,testRuntimeClasspath
io.github.quillraven.libktx:ktx-math:1.14.2-rc1=compileClasspath,runtimeClasspath,testCompileClasspath,testRuntimeClasspath
io.github.quillraven.libktx:ktx-preferences:1.14.2-rc1=compileClasspath,runtimeClasspath,testCompileClasspath,testRuntimeClasspath
io.github.quillraven.libktx:ktx-reflect:1.14.2-rc1=compileClasspath,runtimeClasspath,testCompileClasspath,testRuntimeClasspath
io.github.quillraven.libktx:ktx-scene2d:1.14.2-rc1=compileClasspath,runtimeClasspath,testCompileClasspath,testRuntimeClasspath
io.github.quillraven.libktx:ktx-style:1.14.2-rc1=compileClasspath,runtimeClasspath,testCompileClasspath,testRuntimeClasspath
io.github.quillraven.libktx:ktx-tiled:1.14.2-rc1=compileClasspath,runtimeClasspath,testCompileClasspath,testRuntimeClasspath
io.github.quillraven.libktx:ktx-vis-style:1.14.2-rc1=compileClasspath,runtimeClasspath,testCompileClasspath,testRuntimeClasspath
io.github.quillraven.libktx:ktx-vis:1.14.2-rc1=compileClasspath,runtimeClasspath,testCompileClasspath,testRuntimeClasspath
junit:junit:4.13.2=testCompileClasspath,testRuntimeClasspath
net.onedaybeard.artemis:artemis-odb:2.3.0=compileClasspath,runtimeClasspath,testCompileClasspath,testRuntimeClasspath
org.hamcrest:hamcrest-core:1.3=testCompileClasspath,testRuntimeClasspath
org.jetbrains.kotlin:kotlin-build-tools-api:2.4.0=kotlinAbiValidationCompatClasspath
org.jetbrains.kotlin:kotlin-build-tools-api:2.4.10=kotlinBuildToolsApiClasspath,kotlinCompilerClasspath,kotlinKlibCommonizerClasspath
org.jetbrains.kotlin:kotlin-build-tools-compat:2.4.10=kotlinAbiValidationCompatClasspath,kotlinBuildToolsApiClasspath,kotlinCompilerClasspath
org.jetbrains.kotlin:kotlin-build-tools-cri-impl:2.4.0=kotlinAbiValidationCompatClasspath
org.jetbrains.kotlin:kotlin-build-tools-cri-impl:2.4.10=kotlinBuildToolsApiClasspath,kotlinCompilerClasspath
org.jetbrains.kotlin:kotlin-build-tools-impl:2.4.0=kotlinAbiValidationCompatClasspath
org.jetbrains.kotlin:kotlin-build-tools-impl:2.4.10=kotlinBuildToolsApiClasspath,kotlinCompilerClasspath
org.jetbrains.kotlin:kotlin-compiler-embeddable:2.4.0=kotlinAbiValidationCompatClasspath
org.jetbrains.kotlin:kotlin-compiler-embeddable:2.4.10=kotlinBuildToolsApiClasspath,kotlinCompilerClasspath,kotlinKlibCommonizerClasspath
org.jetbrains.kotlin:kotlin-compiler-runner:2.4.0=kotlinAbiValidationCompatClasspath
org.jetbrains.kotlin:kotlin-compiler-runner:2.4.10=kotlinBuildToolsApiClasspath,kotlinCompilerClasspath
org.jetbrains.kotlin:kotlin-daemon-client:2.4.0=kotlinAbiValidationCompatClasspath
org.jetbrains.kotlin:kotlin-daemon-client:2.4.10=kotlinBuildToolsApiClasspath,kotlinCompilerClasspath
org.jetbrains.kotlin:kotlin-daemon-embeddable:2.4.0=kotlinAbiValidationCompatClasspath
org.jetbrains.kotlin:kotlin-daemon-embeddable:2.4.10=kotlinBuildToolsApiClasspath,kotlinCompilerClasspath,kotlinKlibCommonizerClasspath
org.jetbrains.kotlin:kotlin-klib-commonizer-embeddable:2.4.10=kotlinKlibCommonizerClasspath
org.jetbrains.kotlin:kotlin-reflect:1.6.10=kotlinAbiValidationCompatClasspath,kotlinBuildToolsApiClasspath,kotlinCompilerClasspath,kotlinKlibCommonizerClasspath
org.jetbrains.kotlin:kotlin-script-runtime:2.4.0=kotlinAbiValidationCompatClasspath
org.jetbrains.kotlin:kotlin-script-runtime:2.4.10=kotlinBuildToolsApiClasspath,kotlinCompilerClasspath,kotlinCompilerPluginClasspathMain,kotlinCompilerPluginClasspathTest,kotlinKlibCommonizerClasspath
org.jetbrains.kotlin:kotlin-scripting-common:2.4.10=kotlinCompilerPluginClasspathMain,kotlinCompilerPluginClasspathTest
org.jetbrains.kotlin:kotlin-scripting-compiler-embeddable:2.4.10=kotlinCompilerPluginClasspathMain,kotlinCompilerPluginClasspathTest
org.jetbrains.kotlin:kotlin-scripting-compiler-impl-embeddable:2.4.10=kotlinCompilerPluginClasspathMain,kotlinCompilerPluginClasspathTest
org.jetbrains.kotlin:kotlin-scripting-jvm:2.4.10=kotlinCompilerPluginClasspathMain,kotlinCompilerPluginClasspathTest
org.jetbrains.kotlin:kotlin-stdlib:2.4.0=kotlinAbiValidationCompatClasspath
org.jetbrains.kotlin:kotlin-stdlib:2.4.10=compileClasspath,kotlinBuildToolsApiClasspath,kotlinCompilerClasspath,kotlinCompilerPluginClasspathMain,kotlinCompilerPluginClasspathTest,kotlinKlibCommonizerClasspath,runtimeClasspath,testCompileClasspath,testRuntimeClasspath
org.jetbrains.kotlin:kotlin-tooling-core:2.4.10=kotlinAbiValidationCompatClasspath,kotlinBuildToolsApiClasspath,kotlinCompilerClasspath
org.jetbrains.kotlinx:kotlinx-coroutines-bom:1.11.0=compileClasspath,runtimeClasspath,testCompileClasspath,testRuntimeClasspath
org.jetbrains.kotlinx:kotlinx-coroutines-core-jvm:1.11.0=compileClasspath,runtimeClasspath,testCompileClasspath,testRuntimeClasspath
org.jetbrains.kotlinx:kotlinx-coroutines-core-jvm:1.8.0=kotlinAbiValidationCompatClasspath,kotlinBuildToolsApiClasspath,kotlinCompilerClasspath,kotlinKlibCommonizerClasspath
org.jetbrains.kotlinx:kotlinx-coroutines-core:1.11.0=compileClasspath,runtimeClasspath,testCompileClasspath,testRuntimeClasspath
org.jetbrains:annotations:13.0=kotlinAbiValidationCompatClasspath,kotlinBuildToolsApiClasspath,kotlinCompilerClasspath,kotlinCompilerPluginClasspathMain,kotlinCompilerPluginClasspathTest,kotlinKlibCommonizerClasspath
org.jetbrains:annotations:23.0.0=compileClasspath,runtimeClasspath,testCompileClasspath,testRuntimeClasspath
empty=annotationProcessor,implementationDependenciesMetadata,kotlinCompilerPluginClasspath,kotlinNativeCompilerPluginClasspath,kotlinScriptDefExtensions,testAnnotationProcessor,testImplementationDependenciesMetadata,testKotlinScriptDefExtensions
